
Microsoft Visual Studio Solution File, Format Version 12.00
# Visual Studio Version 16
VisualStudioVersion = 16.0.29001.49
MinimumVisualStudioVersion = 10.0.40219.1
Project("{FAE04EC0-301F-11D3-BF4B-00C04F79EFBC}") = "ProjekatWeb", "ProjekatWeb.csproj", "{0B92BA0A-2981-45D0-B46B-668DA73F899E}"
EndProject
Global
	GlobalSection(SolutionConfigurationPlatforms) = preSolution
		Debug|Any CPU = Debug|Any CPU
		Release|Any CPU = Release|Any CPU
	EndGlobalSection
	GlobalSection(ProjectConfigurationPlatforms) = postSolution
		{0B92BA0A-2981-45D0-B46B-668DA73F899E}.Debug|Any CPU.ActiveCfg = Debug|Any CPU
		{0B92BA0A-2981-45D0-B46B-668DA73F899E}.Debug|Any CPU.Build.0 = Debug|Any CPU
		{0B92BA0A-2981-45D0-B46B-668DA73F899E}.Release|Any CPU.ActiveCfg = Release|Any CPU
		{0B92BA0A-2981-45D0-B46B-668DA73F899E}.Release|Any CPU.Build.0 = Release|Any CPU
	EndGlobalSection
	GlobalSection(SolutionProperties) = preSolution
		HideSolutionNode = FALSE
	EndGlobalSection
	GlobalSection(ExtensibilityGlobals) = postSolution
		SolutionGuid = {0B3C58A3-201B-493E-9A9B-FFAED76803AF}
	EndGlobalSection
EndGlobal
